
Microsoft Visual Studio Solution File, Format Version 12.00
# Visual Studio Version 16
VisualStudioVersion = 16.0.31112.23
MinimumVisualStudioVersion = 10.0.40219.1
Project("{9A19103F-16F7-4668-BE54-9A1E7A4F7556}") = "DeliveryPrice", "DeliveryPrice\DeliveryPrice.csproj", "{22949BA3-A956-47FB-92EE-038CCA1F6112}"
EndProject
Project("{9A19103F-16F7-4668-BE54-9A1E7A4F7556}") = "AppliancesModel", "AppliancesModel\AppliancesModel.csproj", "{647920E7-8EB6-4D04-B0FD-EDA8EA98723B}"
EndProject
Project("{2150E333-8FDC-42A3-9474-1A3956D46DE8}") = "SQL", "SQL", "{4740E555-4DA5-4590-95EE-958FF61F8ADD}"
EndProject
Project("{2150E333-8FDC-42A3-9474-1A3956D46DE8}") = "1. Insert", "1. Insert", "{5E07E4BC-A0AA-48FB-BBB4-109475EE84FE}"
	ProjectSection(SolutionItems) = preProject
		SQL\Task 2\1. Insert\a.png = SQL\Task 2\1. Insert\a.png
		SQL\Task 2\1. Insert\b.png = SQL\Task 2\1. Insert\b.png
		SQL\Task 2\1. Insert\c.png = SQL\Task 2\1. Insert\c.png
	EndProjectSection
EndProject
Project("{2150E333-8FDC-42A3-9474-1A3956D46DE8}") = "2. Editing", "2. Editing", "{6C240CC3-D64A-445A-BC1F-ED884E9DA555}"
	ProjectSection(SolutionItems) = preProject
		SQL\Task 2\2. Editing\a.png = SQL\Task 2\2. Editing\a.png
		SQL\Task 2\2. Editing\b.png = SQL\Task 2\2. Editing\b.png
		SQL\Task 2\2. Editing\c.png = SQL\Task 2\2. Editing\c.png
	EndProjectSection
EndProject
Project("{2150E333-8FDC-42A3-9474-1A3956D46DE8}") = "3. Northwind", "3. Northwind", "{F8444A5A-29AD-4B05-AE74-AF11C50458D8}"
	ProjectSection(SolutionItems) = preProject
		SQL\Task 2\3. Northwind\4. UNION.png = SQL\Task 2\3. Northwind\4. UNION.png
		SQL\Task 2\3. Northwind\5. EXCEPT.png = SQL\Task 2\3. Northwind\5. EXCEPT.png
		SQL\Task 2\3. Northwind\6. SELECT.png = SQL\Task 2\3. Northwind\6. SELECT.png
	EndProjectSection
EndProject
Project("{2150E333-8FDC-42A3-9474-1A3956D46DE8}") = "Task 2", "Task 2", "{31E528BD-56B5-4958-8ADB-E48645F19A5C}"
	ProjectSection(SolutionItems) = preProject
		SQL\Task 2\SQLQueryNorthwind.sql = SQL\Task 2\SQLQueryNorthwind.sql
		SQL\Task 2\SQLQueryWebStorage.sql = SQL\Task 2\SQLQueryWebStorage.sql
	EndProjectSection
EndProject
Global
	GlobalSection(SolutionConfigurationPlatforms) = preSolution
		Debug|Any CPU = Debug|Any CPU
		Release|Any CPU = Release|Any CPU
	EndGlobalSection
	GlobalSection(ProjectConfigurationPlatforms) = postSolution
		{22949BA3-A956-47FB-92EE-038CCA1F6112}.Debug|Any CPU.ActiveCfg = Debug|Any CPU
		{22949BA3-A956-47FB-92EE-038CCA1F6112}.Debug|Any CPU.Build.0 = Debug|Any CPU
		{22949BA3-A956-47FB-92EE-038CCA1F6112}.Release|Any CPU.ActiveCfg = Release|Any CPU
		{22949BA3-A956-47FB-92EE-038CCA1F6112}.Release|Any CPU.Build.0 = Release|Any CPU
		{647920E7-8EB6-4D04-B0FD-EDA8EA98723B}.Debug|Any CPU.ActiveCfg = Debug|Any CPU
		{647920E7-8EB6-4D04-B0FD-EDA8EA98723B}.Debug|Any CPU.Build.0 = Debug|Any CPU
		{647920E7-8EB6-4D04-B0FD-EDA8EA98723B}.Release|Any CPU.ActiveCfg = Release|Any CPU
		{647920E7-8EB6-4D04-B0FD-EDA8EA98723B}.Release|Any CPU.Build.0 = Release|Any CPU
	EndGlobalSection
	GlobalSection(SolutionProperties) = preSolution
		HideSolutionNode = FALSE
	EndGlobalSection
	GlobalSection(NestedProjects) = preSolution
		{5E07E4BC-A0AA-48FB-BBB4-109475EE84FE} = {31E528BD-56B5-4958-8ADB-E48645F19A5C}
		{6C240CC3-D64A-445A-BC1F-ED884E9DA555} = {31E528BD-56B5-4958-8ADB-E48645F19A5C}
		{F8444A5A-29AD-4B05-AE74-AF11C50458D8} = {31E528BD-56B5-4958-8ADB-E48645F19A5C}
		{31E528BD-56B5-4958-8ADB-E48645F19A5C} = {4740E555-4DA5-4590-95EE-958FF61F8ADD}
	EndGlobalSection
	GlobalSection(ExtensibilityGlobals) = postSolution
		SolutionGuid = {D3F4E8C3-22B4-4504-B5D3-BB64D0EE814F}
	EndGlobalSection
EndGlobal
